
Microsoft Visual Studio Solution File, Format Version 12.00
# Visual Studio Version 16
VisualStudioVersion = 16.0.31112.23
MinimumVisualStudioVersion = 10.0.40219.1
Project("{9A19103F-16F7-4668-BE54-9A1E7A4F7556}") = "SocialMediaApp", "SocialMediaApp\SocialMediaApp.csproj", "{F78711DC-092D-489A-B1CE-F7DAF16BEDE8}"
EndProject
Project("{9A19103F-16F7-4668-BE54-9A1E7A4F7556}") = "SocialMediaApp.Models", "SocialMediaApp.Models\SocialMediaApp.Models.csproj", "{2B1AABB1-E6AC-43A4-967C-CEB5668E3CC7}"
EndProject
Project("{9A19103F-16F7-4668-BE54-9A1E7A4F7556}") = "SocialMediaApp.Core", "SocialMediaApp.Core\SocialMediaApp.Core.csproj", "{AC0DE88F-8461-4BC7-9D9E-89FC97E06B44}"
EndProject
Project("{9A19103F-16F7-4668-BE54-9A1E7A4F7556}") = "SocialMediaApp.Data", "SocialMediaApp.Data\SocialMediaApp.Data.csproj", "{BF2F4A87-6AD0-4DC4-B17F-04AA81F04B45}"
EndProject
Project("{FAE04EC0-301F-11D3-BF4B-00C04F79EFBC}") = "SocialMediaApp.Common", "SocialMediaApp.Common\SocialMediaApp.Common.csproj", "{7D27A04D-4E78-490D-9BFD-01E70C1BC15F}"
EndProject
Global
	GlobalSection(SolutionConfigurationPlatforms) = preSolution
		Debug|Any CPU = Debug|Any CPU
		Release|Any CPU = Release|Any CPU
	EndGlobalSection
	GlobalSection(ProjectConfigurationPlatforms) = postSolution
		{F78711DC-092D-489A-B1CE-F7DAF16BEDE8}.Debug|Any CPU.ActiveCfg = Debug|Any CPU
		{F78711DC-092D-489A-B1CE-F7DAF16BEDE8}.Debug|Any CPU.Build.0 = Debug|Any CPU
		{F78711DC-092D-489A-B1CE-F7DAF16BEDE8}.Release|Any CPU.ActiveCfg = Release|Any CPU
		{F78711DC-092D-489A-B1CE-F7DAF16BEDE8}.Release|Any CPU.Build.0 = Release|Any CPU
		{2B1AABB1-E6AC-43A4-967C-CEB5668E3CC7}.Debug|Any CPU.ActiveCfg = Debug|Any CPU
		{2B1AABB1-E6AC-43A4-967C-CEB5668E3CC7}.Debug|Any CPU.Build.0 = Debug|Any CPU
		{2B1AABB1-E6AC-43A4-967C-CEB5668E3CC7}.Release|Any CPU.ActiveCfg = Release|Any CPU
		{2B1AABB1-E6AC-43A4-967C-CEB5668E3CC7}.Release|Any CPU.Build.0 = Release|Any CPU
		{AC0DE88F-8461-4BC7-9D9E-89FC97E06B44}.Debug|Any CPU.ActiveCfg = Debug|Any CPU
		{AC0DE88F-8461-4BC7-9D9E-89FC97E06B44}.Debug|Any CPU.Build.0 = Debug|Any CPU
		{AC0DE88F-8461-4BC7-9D9E-89FC97E06B44}.Release|Any CPU.ActiveCfg = Release|Any CPU
		{AC0DE88F-8461-4BC7-9D9E-89FC97E06B44}.Release|Any CPU.Build.0 = Release|Any CPU
		{BF2F4A87-6AD0-4DC4-B17F-04AA81F04B45}.Debug|Any CPU.ActiveCfg = Debug|Any CPU
		{BF2F4A87-6AD0-4DC4-B17F-04AA81F04B45}.Debug|Any CPU.Build.0 = Debug|Any CPU
		{BF2F4A87-6AD0-4DC4-B17F-04AA81F04B45}.Release|Any CPU.ActiveCfg = Release|Any CPU
		{BF2F4A87-6AD0-4DC4-B17F-04AA81F04B45}.Release|Any CPU.Build.0 = Release|Any CPU
		{7D27A04D-4E78-490D-9BFD-01E70C1BC15F}.Debug|Any CPU.ActiveCfg = Debug|Any CPU
		{7D27A04D-4E78-490D-9BFD-01E70C1BC15F}.Debug|Any CPU.Build.0 = Debug|Any CPU
		{7D27A04D-4E78-490D-9BFD-01E70C1BC15F}.Release|Any CPU.ActiveCfg = Release|Any CPU
		{7D27A04D-4E78-490D-9BFD-01E70C1BC15F}.Release|Any CPU.Build.0 = Release|Any CPU
	EndGlobalSection
	GlobalSection(SolutionProperties) = preSolution
		HideSolutionNode = FALSE
	EndGlobalSection
	GlobalSection(ExtensibilityGlobals) = postSolution
		SolutionGuid = {2DFB9E7A-EFFE-4AD5-A6AF-FF90283C14DC}
	EndGlobalSection
EndGlobal
